// !$*UTF8*$!
{
	archiveVersion = 1;
	classes = {
	};
	objectVersion = 46;
	objects = {

/* Begin PBXBuildFile section */
		F010237E17C304450046087B /* UIKit.framework in Frameworks */ = {isa = PBXBuildFile; fileRef = F010237D17C304450046087B /* UIKit.framework */; };
		F010238017C304450046087B /* Foundation.framework in Frameworks */ = {isa = PBXBuildFile; fileRef = F010237F17C304450046087B /* Foundation.framework */; };
		F010238217C304450046087B /* CoreGraphics.framework in Frameworks */ = {isa = PBXBuildFile; fileRef = F010238117C304450046087B /* CoreGraphics.framework */; };
		F010238817C304450046087B /* InfoPlist.strings in Resources */ = {isa = PBXBuildFile; fileRef = F010238617C304450046087B /* InfoPlist.strings */; };
		F010238A17C304450046087B /* main.m in Sources */ = {isa = PBXBuildFile; fileRef = F010238917C304450046087B /* main.m */; };
		F010238E17C304450046087B /* EZAppDelegate.m in Sources */ = {isa = PBXBuildFile; fileRef = F010238D17C304450046087B /* EZAppDelegate.m */; };
		F010239017C304450046087B /* Default.png in Resources */ = {isa = PBXBuildFile; fileRef = F010238F17C304450046087B /* Default.png */; };
		F010239217C304450046087B /* Default@2x.png in Resources */ = {isa = PBXBuildFile; fileRef = F010239117C304450046087B /* Default@2x.png */; };
		F010239417C304450046087B /* Default-568h@2x.png in Resources */ = {isa = PBXBuildFile; fileRef = F010239317C304450046087B /* Default-568h@2x.png */; };
		F010239717C304450046087B /* MainStoryboard.storyboard in Resources */ = {isa = PBXBuildFile; fileRef = F010239517C304450046087B /* MainStoryboard.storyboard */; };
		F010239A17C304450046087B /* EZViewController.m in Sources */ = {isa = PBXBuildFile; fileRef = F010239917C304450046087B /* EZViewController.m */; };
		F01023A217C304450046087B /* SenTestingKit.framework in Frameworks */ = {isa = PBXBuildFile; fileRef = F01023A117C304450046087B /* SenTestingKit.framework */; };
		F01023A317C304450046087B /* UIKit.framework in Frameworks */ = {isa = PBXBuildFile; fileRef = F010237D17C304450046087B /* UIKit.framework */; };
		F01023A417C304450046087B /* Foundation.framework in Frameworks */ = {isa = PBXBuildFile; fileRef = F010237F17C304450046087B /* Foundation.framework */; };
		F01023AC17C304450046087B /* InfoPlist.strings in Resources */ = {isa = PBXBuildFile; fileRef = F01023AA17C304450046087B /* InfoPlist.strings */; };
		F01023AF17C304450046087B /* EZGrocsTests.m in Sources */ = {isa = PBXBuildFile; fileRef = F01023AE17C304450046087B /* EZGrocsTests.m */; };
		F0DABE4F18517E940043F2FC /* LabeledSpinnerView.m in Sources */ = {isa = PBXBuildFile; fileRef = F0DABE4C18517E940043F2FC /* LabeledSpinnerView.m */; };
		F0DABE5018517E940043F2FC /* SLShoppingListVC.m in Sources */ = {isa = PBXBuildFile; fileRef = F0DABE4E18517E940043F2FC /* SLShoppingListVC.m */; };
		F0DABE551851807D0043F2FC /* ezgconverter.xcdatamodeld in Sources */ = {isa = PBXBuildFile; fileRef = F0DABE531851807D0043F2FC /* ezgconverter.xcdatamodeld */; };
		F0DABE5A185180F60043F2FC /* ProductItem.m in Sources */ = {isa = PBXBuildFile; fileRef = F0DABE57185180F60043F2FC /* ProductItem.m */; };
		F0DABE5B185180F60043F2FC /* SectionNames.m in Sources */ = {isa = PBXBuildFile; fileRef = F0DABE59185180F60043F2FC /* SectionNames.m */; };
		F0DABE5E185181760043F2FC /* CoreData.framework in Frameworks */ = {isa = PBXBuildFile; fileRef = F0DABE5D185181760043F2FC /* CoreData.framework */; };
/* End PBXBuildFile section */

/* Begin PBXContainerItemProxy section */
		F01023A517C304450046087B /* PBXContainerItemProxy */ = {
			isa = PBXContainerItemProxy;
			containerPortal = F010237217C304440046087B /* Project object */;
			proxyType = 1;
			remoteGlobalIDString = F010237917C304450046087B;
			remoteInfo = EZGrocs;
		};
		F0ACD50917CAE93300DAE1C2 /* PBXContainerItemProxy */ = {
			isa = PBXContainerItemProxy;
			containerPortal = F0ACD50417CAE93300DAE1C2 /* ShoppingLib.xcodeproj */;
			proxyType = 2;
			remoteGlobalIDString = F0ACD4D917CAE7C300DAE1C2;
			remoteInfo = ShoppingLib;
		};
		F0ACD50B17CAE93300DAE1C2 /* PBXContainerItemProxy */ = {
			isa = PBXContainerItemProxy;
			containerPortal = F0ACD50417CAE93300DAE1C2 /* ShoppingLib.xcodeproj */;
			proxyType = 2;
			remoteGlobalIDString = F0ACD4EA17CAE7C400DAE1C2;
			remoteInfo = ShoppingLibTests;
		};
/* End PBXContainerItemProxy section */

/* Begin PBXFileReference section */
		F010237A17C304450046087B /* EZGrocs.app */ = {isa = PBXFileReference; explicitFileType = wrapper.application; includeInIndex = 0; path = EZGrocs.app; sourceTree = BUILT_PRODUCTS_DIR; };
		F010237D17C304450046087B /* UIKit.framework */ = {isa = PBXFileReference; lastKnownFileType = wrapper.framework; name = UIKit.framework; path = System/Library/Frameworks/UIKit.framework; sourceTree = SDKROOT; };
		F010237F17C304450046087B /* Foundation.framework */ = {isa = PBXFileReference; lastKnownFileType = wrapper.framework; name = Foundation.framework; path = System/Library/Frameworks/Foundation.framework; sourceTree = SDKROOT; };
		F010238117C304450046087B /* CoreGraphics.framework */ = {isa = PBXFileReference; lastKnownFileType = wrapper.framework; name = CoreGraphics.framework; path = System/Library/Frameworks/CoreGraphics.framework; sourceTree = SDKROOT; };
		F010238517C304450046087B /* EZGrocs-Info.plist */ = {isa = PBXFileReference; lastKnownFileType = text.plist.xml; path = "EZGrocs-Info.plist"; sourceTree = "<group>"; };
		F010238717C304450046087B /* en */ = {isa = PBXFileReference; lastKnownFileType = text.plist.strings; name = en; path = en.lproj/InfoPlist.strings; sourceTree = "<group>"; };
		F010238917C304450046087B /* main.m */ = {isa = PBXFileReference; lastKnownFileType = sourcecode.c.objc; path = main.m; sourceTree = "<group>"; };
		F010238B17C304450046087B /* EZGrocs-Prefix.pch */ = {isa = PBXFileReference; lastKnownFileType = sourcecode.c.h; path = "EZGrocs-Prefix.pch"; sourceTree = "<group>"; };
		F010238C17C304450046087B /* EZAppDelegate.h */ = {isa = PBXFileReference; lastKnownFileType = sourcecode.c.h; path = EZAppDelegate.h; sourceTree = "<group>"; };
		F010238D17C304450046087B /* EZAppDelegate.m */ = {isa = PBXFileReference; lastKnownFileType = sourcecode.c.objc; path = EZAppDelegate.m; sourceTree = "<group>"; };
		F010238F17C304450046087B /* Default.png */ = {isa = PBXFileReference; lastKnownFileType = image.png; path = Default.png; sourceTree = "<group>"; };
		F010239117C304450046087B /* Default@2x.png */ = {isa = PBXFileReference; lastKnownFileType = image.png; path = "Default@2x.png"; sourceTree = "<group>"; };
		F010239317C304450046087B /* Default-568h@2x.png */ = {isa = PBXFileReference; lastKnownFileType = image.png; path = "Default-568h@2x.png"; sourceTree = "<group>"; };
		F010239617C304450046087B /* en */ = {isa = PBXFileReference; lastKnownFileType = file.storyboard; name = en; path = en.lproj/MainStoryboard.storyboard; sourceTree = "<group>"; };
		F010239817C304450046087B /* EZViewController.h */ = {isa = PBXFileReference; lastKnownFileType = sourcecode.c.h; path = EZViewController.h; sourceTree = "<group>"; };
		F010239917C304450046087B /* EZViewController.m */ = {isa = PBXFileReference; lastKnownFileType = sourcecode.c.objc; path = EZViewController.m; sourceTree = "<group>"; };
		F01023A017C304450046087B /* EZGrocsTests.octest */ = {isa = PBXFileReference; explicitFileType = wrapper.cfbundle; includeInIndex = 0; path = EZGrocsTests.octest; sourceTree = BUILT_PRODUCTS_DIR; };
		F01023A117C304450046087B /* SenTestingKit.framework */ = {isa = PBXFileReference; lastKnownFileType = wrapper.framework; name = SenTestingKit.framework; path = Library/Frameworks/SenTestingKit.framework; sourceTree = DEVELOPER_DIR; };
		F01023A917C304450046087B /* EZGrocsTests-Info.plist */ = {isa = PBXFileReference; lastKnownFileType = text.plist.xml; path = "EZGrocsTests-Info.plist"; sourceTree = "<group>"; };
		F01023AB17C304450046087B /* en */ = {isa = PBXFileReference; lastKnownFileType = text.plist.strings; name = en; path = en.lproj/InfoPlist.strings; sourceTree = "<group>"; };
		F01023AD17C304450046087B /* EZGrocsTests.h */ = {isa = PBXFileReference; lastKnownFileType = sourcecode.c.h; path = EZGrocsTests.h; sourceTree = "<group>"; };
		F01023AE17C304450046087B /* EZGrocsTests.m */ = {isa = PBXFileReference; lastKnownFileType = sourcecode.c.objc; path = EZGrocsTests.m; sourceTree = "<group>"; };
		F0ACD50417CAE93300DAE1C2 /* ShoppingLib.xcodeproj */ = {isa = PBXFileReference; lastKnownFileType = "wrapper.pb-project"; name = ShoppingLib.xcodeproj; path = ../../../Frameworks/ShoppingLib/ShoppingLib.xcodeproj; sourceTree = "<group>"; };
		F0DABE4B18517E940043F2FC /* LabeledSpinnerView.h */ = {isa = PBXFileReference; fileEncoding = 4; lastKnownFileType = sourcecode.c.h; path = LabeledSpinnerView.h; sourceTree = "<group>"; };
		F0DABE4C18517E940043F2FC /* LabeledSpinnerView.m */ = {isa = PBXFileReference; fileEncoding = 4; lastKnownFileType = sourcecode.c.objc; path = LabeledSpinnerView.m; sourceTree = "<group>"; };
		F0DABE4D18517E940043F2FC /* SLShoppingListVC.h */ = {isa = PBXFileReference; fileEncoding = 4; lastKnownFileType = sourcecode.c.h; path = SLShoppingListVC.h; sourceTree = "<group>"; };
		F0DABE4E18517E940043F2FC /* SLShoppingListVC.m */ = {isa = PBXFileReference; fileEncoding = 4; lastKnownFileType = sourcecode.c.objc; path = SLShoppingListVC.m; sourceTree = "<group>"; };
		F0DABE541851807D0043F2FC /* ezgconverter.xcdatamodel */ = {isa = PBXFileReference; lastKnownFileType = wrapper.xcdatamodel; path = ezgconverter.xcdatamodel; sourceTree = "<group>"; };
		F0DABE56185180F60043F2FC /* ProductItem.h */ = {isa = PBXFileReference; fileEncoding = 4; lastKnownFileType = sourcecode.c.h; name = ProductItem.h; path = ../../ezgconverter/ezgconverter/ProductItem.h; sourceTree = "<group>"; };
		F0DABE57185180F60043F2FC /* ProductItem.m */ = {isa = PBXFileReference; fileEncoding = 4; lastKnownFileType = sourcecode.c.objc; name = ProductItem.m; path = ../../ezgconverter/ezgconverter/ProductItem.m; sourceTree = "<group>"; };
		F0DABE58185180F60043F2FC /* SectionNames.h */ = {isa = PBXFileReference; fileEncoding = 4; lastKnownFileType = sourcecode.c.h; name = SectionNames.h; path = ../../ezgconverter/ezgconverter/SectionNames.h; sourceTree = "<group>"; };
		F0DABE59185180F60043F2FC /* SectionNames.m */ = {isa = PBXFileReference; fileEncoding = 4; lastKnownFileType = sourcecode.c.objc; name = SectionNames.m; path = ../../ezgconverter/ezgconverter/SectionNames.m; sourceTree = "<group>"; };
		F0DABE5D185181760043F2FC /* CoreData.framework */ = {isa = PBXFileReference; lastKnownFileType = wrapper.framework; name = CoreData.framework; path = System/Library/Frameworks/CoreData.framework; sourceTree = SDKROOT; };
/* End PBXFileReference section */

/* Begin PBXFrameworksBuildPhase section */
		F010237717C304450046087B /* Frameworks */ = {
			isa = PBXFrameworksBuildPhase;
			buildActionMask = 2147483647;
			files = (
				F0DABE5E185181760043F2FC /* CoreData.framework in Frameworks */,
				F010237E17C304450046087B /* UIKit.framework in Frameworks */,
				F010238017C304450046087B /* Foundation.framework in Frameworks */,
				F010238217C304450046087B /* CoreGraphics.framework in Frameworks */,
			);
			runOnlyForDeploymentPostprocessing = 0;
		};
		F010239C17C304450046087B /* Frameworks */ = {
			isa = PBXFrameworksBuildPhase;
			buildActionMask = 2147483647;
			files = (
				F01023A217C304450046087B /* SenTestingKit.framework in Frameworks */,
				F01023A317C304450046087B /* UIKit.framework in Frameworks */,
				F01023A417C304450046087B /* Foundation.framework in Frameworks */,
			);
			runOnlyForDeploymentPostprocessing = 0;
		};
/* End PBXFrameworksBuildPhase section */

/* Begin PBXGroup section */
		F010237117C304440046087B = {
			isa = PBXGroup;
			children = (
				F010238317C304450046087B /* EZGrocs */,
				F01023A717C304450046087B /* EZGrocsTests */,
				F010237C17C304450046087B /* Frameworks */,
				F010237B17C304450046087B /* Products */,
				F0ACD50417CAE93300DAE1C2 /* ShoppingLib.xcodeproj */,
			);
			sourceTree = "<group>";
		};
		F010237B17C304450046087B /* Products */ = {
			isa = PBXGroup;
			children = (
				F010237A17C304450046087B /* EZGrocs.app */,
				F01023A017C304450046087B /* EZGrocsTests.octest */,
			);
			name = Products;
			sourceTree = "<group>";
		};
		F010237C17C304450046087B /* Frameworks */ = {
			isa = PBXGroup;
			children = (
				F0DABE5D185181760043F2FC /* CoreData.framework */,
				F010237D17C304450046087B /* UIKit.framework */,
				F010237F17C304450046087B /* Foundation.framework */,
				F010238117C304450046087B /* CoreGraphics.framework */,
				F01023A117C304450046087B /* SenTestingKit.framework */,
			);
			name = Frameworks;
			sourceTree = "<group>";
		};
		F010238317C304450046087B /* EZGrocs */ = {
			isa = PBXGroup;
			children = (
				F0DABE5C185181290043F2FC /* Data Files */,
				F010238C17C304450046087B /* EZAppDelegate.h */,
				F010238D17C304450046087B /* EZAppDelegate.m */,
				F010239517C304450046087B /* MainStoryboard.storyboard */,
				F010239817C304450046087B /* EZViewController.h */,
				F010239917C304450046087B /* EZViewController.m */,
				F0DABE5F1857E89C0043F2FC /* Shared Code */,
				F010238417C304450046087B /* Supporting Files */,
			);
			path = EZGrocs;
			sourceTree = "<group>";
		};
		F010238417C304450046087B /* Supporting Files */ = {
			isa = PBXGroup;
			children = (
				F010238517C304450046087B /* EZGrocs-Info.plist */,
				F010238617C304450046087B /* InfoPlist.strings */,
				F010238917C304450046087B /* main.m */,
				F010238B17C304450046087B /* EZGrocs-Prefix.pch */,
				F010238F17C304450046087B /* Default.png */,
				F010239117C304450046087B /* Default@2x.png */,
				F010239317C304450046087B /* Default-568h@2x.png */,
			);
			name = "Supporting Files";
			sourceTree = "<group>";
		};
		F01023A717C304450046087B /* EZGrocsTests */ = {
			isa = PBXGroup;
			children = (
				F01023AD17C304450046087B /* EZGrocsTests.h */,
				F01023AE17C304450046087B /* EZGrocsTests.m */,
				F01023A817C304450046087B /* Supporting Files */,
			);
			path = EZGrocsTests;
			sourceTree = "<group>";
		};
		F01023A817C304450046087B /* Supporting Files */ = {
			isa = PBXGroup;
			children = (
				F01023A917C304450046087B /* EZGrocsTests-Info.plist */,
				F01023AA17C304450046087B /* InfoPlist.strings */,
			);
			name = "Supporting Files";
			sourceTree = "<group>";
		};
		F0ACD50517CAE93300DAE1C2 /* Products */ = {
			isa = PBXGroup;
			children = (
				F0ACD50A17CAE93300DAE1C2 /* libShoppingLib.a */,
				F0ACD50C17CAE93300DAE1C2 /* ShoppingLibTests.octest */,
			);
			name = Products;
			sourceTree = "<group>";
		};
		F0DABE5C185181290043F2FC /* Data Files */ = {
			isa = PBXGroup;
			children = (
				F0DABE56185180F60043F2FC /* ProductItem.h */,
				F0DABE57185180F60043F2FC /* ProductItem.m */,
				F0DABE58185180F60043F2FC /* SectionNames.h */,
				F0DABE59185180F60043F2FC /* SectionNames.m */,
				F0DABE531851807D0043F2FC /* ezgconverter.xcdatamodeld */,
			);
			name = "Data Files";
			sourceTree = "<group>";
		};
		F0DABE5F1857E89C0043F2FC /* Shared Code */ = {
			isa = PBXGroup;
			children = (
				F0DABE4B18517E940043F2FC /* LabeledSpinnerView.h */,
				F0DABE4C18517E940043F2FC /* LabeledSpinnerView.m */,
				F0DABE4D18517E940043F2FC /* SLShoppingListVC.h */,
				F0DABE4E18517E940043F2FC /* SLShoppingListVC.m */,
			);
			name = "Shared Code";
			sourceTree = "<group>";
		};
/* End PBXGroup section */

/* Begin PBXNativeTarget section */
		F010237917C304450046087B /* EZGrocs */ = {
			isa = PBXNativeTarget;
			buildConfigurationList = F01023B217C304450046087B /* Build configuration list for PBXNativeTarget "EZGrocs" */;
			buildPhases = (
				F010237617C304450046087B /* Sources */,
				F010237717C304450046087B /* Frameworks */,
				F010237817C304450046087B /* Resources */,
			);
			buildRules = (
			);
			dependencies = (
			);
			name = EZGrocs;
			productName = EZGrocs;
			productReference = F010237A17C304450046087B /* EZGrocs.app */;
			productType = "com.apple.product-type.application";
		};
		F010239F17C304450046087B /* EZGrocsTests */ = {
			isa = PBXNativeTarget;
			buildConfigurationList = F01023B517C304450046087B /* Build configuration list for PBXNativeTarget "EZGrocsTests" */;
			buildPhases = (
				F010239B17C304450046087B /* Sources */,
				F010239C17C304450046087B /* Frameworks */,
				F010239D17C304450046087B /* Resources */,
				F010239E17C304450046087B /* ShellScript */,
			);
			buildRules = (
			);
			dependencies = (
				F01023A617C304450046087B /* PBXTargetDependency */,
			);
			name = EZGrocsTests;
			productName = EZGrocsTests;
			productReference = F01023A017C304450046087B /* EZGrocsTests.octest */;
			productType = "com.apple.product-type.bundle";
		};
/* End PBXNativeTarget section */

/* Begin PBXProject section */
		F010237217C304440046087B /* Project object */ = {
			isa = PBXProject;
			attributes = {
				CLASSPREFIX = EZ;
				LastUpgradeCheck = 0460;
				ORGANIZATIONNAME = EZLifeSoftware.com;
			};
			buildConfigurationList = F010237517C304440046087B /* Build configuration list for PBXProject "EZGrocs" */;
			compatibilityVersion = "Xcode 3.2";
			developmentRegion = English;
			hasScannedForEncodings = 0;
			knownRegions = (
				en,
			);
			mainGroup = F010237117C304440046087B;
			productRefGroup = F010237B17C304450046087B /* Products */;
			projectDirPath = "";
			projectReferences = (
				{
					ProductGroup = F0ACD50517CAE93300DAE1C2 /* Products */;
					ProjectRef = F0ACD50417CAE93300DAE1C2 /* ShoppingLib.xcodeproj */;
				},
			);
			projectRoot = "";
			targets = (
				F010237917C304450046087B /* EZGrocs */,
				F010239F17C304450046087B /* EZGrocsTests */,
			);
		};
/* End PBXProject section */

/* Begin PBXReferenceProxy section */
		F0ACD50A17CAE93300DAE1C2 /* libShoppingLib.a */ = {
			isa = PBXReferenceProxy;
			fileType = archive.ar;
			path = libShoppingLib.a;
			remoteRef = F0ACD50917CAE93300DAE1C2 /* PBXContainerItemProxy */;
			sourceTree = BUILT_PRODUCTS_DIR;
		};
		F0ACD50C17CAE93300DAE1C2 /* ShoppingLibTests.octest */ = {
			isa = PBXReferenceProxy;
			fileType = wrapper.cfbundle;
			path = ShoppingLibTests.octest;
			remoteRef = F0ACD50B17CAE93300DAE1C2 /* PBXContainerItemProxy */;
			sourceTree = BUILT_PRODUCTS_DIR;
		};
/* End PBXReferenceProxy section */

/* Begin PBXResourcesBuildPhase section */
		F010237817C304450046087B /* Resources */ = {
			isa = PBXResourcesBuildPhase;
			buildActionMask = 2147483647;
			files = (
				F010238817C304450046087B /* InfoPlist.strings in Resources */,
				F010239017C304450046087B /* Default.png in Resources */,
				F010239217C304450046087B /* Default@2x.png in Resources */,
				F010239417C304450046087B /* Default-568h@2x.png in Resources */,
				F010239717C304450046087B /* MainStoryboard.storyboard in Resources */,
			);
			runOnlyForDeploymentPostprocessing = 0;
		};
		F010239D17C304450046087B /* Resources */ = {
			isa = PBXResourcesBuildPhase;
			buildActionMask = 2147483647;
			files = (
				F01023AC17C304450046087B /* InfoPlist.strings in Resources */,
			);
			runOnlyForDeploymentPostprocessing = 0;
		};
/* End PBXResourcesBuildPhase section */

/* Begin PBXShellScriptBuildPhase section */
		F010239E17C304450046087B /* ShellScript */ = {
			isa = PBXShellScriptBuildPhase;
			buildActionMask = 2147483647;
			files = (
			);
			inputPaths = (
			);
			outputPaths = (
			);
			runOnlyForDeploymentPostprocessing = 0;
			shellPath = /bin/sh;
			shellScript = "# Run the unit tests in this test bundle.\n\"${SYSTEM_DEVELOPER_DIR}/Tools/RunUnitTests\"\n";
		};
/* End PBXShellScriptBuildPhase section */

/* Begin PBXSourcesBuildPhase section */
		F010237617C304450046087B /* Sources */ = {
			isa = PBXSourcesBuildPhase;
			buildActionMask = 2147483647;
			files = (
				F010238A17C304450046087B /* main.m in Sources */,
				F0DABE551851807D0043F2FC /* ezgconverter.xcdatamodeld in Sources */,
				F0DABE5B185180F60043F2FC /* SectionNames.m in Sources */,
				F010238E17C304450046087B /* EZAppDelegate.m in Sources */,
				F0DABE4F18517E940043F2FC /* LabeledSpinnerView.m in Sources */,
				F0DABE5A185180F60043F2FC /* ProductItem.m in Sources */,
				F0DABE5018517E940043F2FC /* SLShoppingListVC.m in Sources */,
				F010239A17C304450046087B /* EZViewController.m in Sources */,
			);
			runOnlyForDeploymentPostprocessing = 0;
		};
		F010239B17C304450046087B /* Sources */ = {
			isa = PBXSourcesBuildPhase;
			buildActionMask = 2147483647;
			files = (
				F01023AF17C304450046087B /* EZGrocsTests.m in Sources */,
			);
			runOnlyForDeploymentPostprocessing = 0;
		};
/* End PBXSourcesBuildPhase section */

/* Begin PBXTargetDependency section */
		F01023A617C304450046087B /* PBXTargetDependency */ = {
			isa = PBXTargetDependency;
			target = F010237917C304450046087B /* EZGrocs */;
			targetProxy = F01023A517C304450046087B /* PBXContainerItemProxy */;
		};
/* End PBXTargetDependency section */

/* Begin PBXVariantGroup section */
		F010238617C304450046087B /* InfoPlist.strings */ = {
			isa = PBXVariantGroup;
			children = (
				F010238717C304450046087B /* en */,
			);
			name = InfoPlist.strings;
			sourceTree = "<group>";
		};
		F010239517C304450046087B /* MainStoryboard.storyboard */ = {
			isa = PBXVariantGroup;
			children = (
				F010239617C304450046087B /* en */,
			);
			name = MainStoryboard.storyboard;
			sourceTree = "<group>";
		};
		F01023AA17C304450046087B /* InfoPlist.strings */ = {
			isa = PBXVariantGroup;
			children = (
				F01023AB17C304450046087B /* en */,
			);
			name = InfoPlist.strings;
			sourceTree = "<group>";
		};
/* End PBXVariantGroup section */

/* Begin XCBuildConfiguration section */
		F01023B017C304450046087B /* Debug */ = {
			isa = XCBuildConfiguration;
			buildSettings = {
				ALWAYS_SEARCH_USER_PATHS = NO;
				CLANG_CXX_LANGUAGE_STANDARD = "gnu++0x";
				CLANG_CXX_LIBRARY = "libc++";
				CLANG_ENABLE_OBJC_ARC = YES;
				CLANG_WARN_CONSTANT_CONVERSION = YES;
				CLANG_WARN_EMPTY_BODY = YES;
				CLANG_WARN_ENUM_CONVERSION = YES;
				CLANG_WARN_INT_CONVERSION = YES;
				CLANG_WARN__DUPLICATE_METHOD_MATCH = YES;
				"CODE_SIGN_IDENTITY[sdk=iphoneos*]" = "iPhone Developer";
				COPY_PHASE_STRIP = NO;
				GCC_C_LANGUAGE_STANDARD = gnu99;
				GCC_DYNAMIC_NO_PIC = NO;
				GCC_OPTIMIZATION_LEVEL = 0;
				GCC_PREPROCESSOR_DEFINITIONS = (
					"DEBUG=1",
					"$(inherited)",
				);
				GCC_SYMBOLS_PRIVATE_EXTERN = NO;
				GCC_WARN_ABOUT_RETURN_TYPE = YES;
				GCC_WARN_UNINITIALIZED_AUTOS = YES;
				GCC_WARN_UNUSED_VARIABLE = YES;
				IPHONEOS_DEPLOYMENT_TARGET = 6.1;
				ONLY_ACTIVE_ARCH = YES;
				SDKROOT = iphoneos;
			};
			name = Debug;
		};
		F01023B117C304450046087B /* Release */ = {
			isa = XCBuildConfiguration;
			buildSettings = {
				ALWAYS_SEARCH_USER_PATHS = NO;
				CLANG_CXX_LANGUAGE_STANDARD = "gnu++0x";
				CLANG_CXX_LIBRARY = "libc++";
				CLANG_ENABLE_OBJC_ARC = YES;
				CLANG_WARN_CONSTANT_CONVERSION = YES;
				CLANG_WARN_EMPTY_BODY = YES;
				CLANG_WARN_ENUM_CONVERSION = YES;
				CLANG_WARN_INT_CONVERSION = YES;
				CLANG_WARN__DUPLICATE_METHOD_MATCH = YES;
				"CODE_SIGN_IDENTITY[sdk=iphoneos*]" = "iPhone Developer";
				COPY_PHASE_STRIP = YES;
				GCC_C_LANGUAGE_STANDARD = gnu99;
				GCC_WARN_ABOUT_RETURN_TYPE = YES;
				GCC_WARN_UNINITIALIZED_AUTOS = YES;
				GCC_WARN_UNUSED_VARIABLE = YES;
				IPHONEOS_DEPLOYMENT_TARGET = 6.1;
				OTHER_CFLAGS = "-DNS_BLOCK_ASSERTIONS=1";
				SDKROOT = iphoneos;
				VALIDATE_PRODUCT = YES;
			};
			name = Release;
		};
		F01023B317C304450046087B /* Debug */ = {
			isa = XCBuildConfiguration;
			buildSettings = {
				GCC_PRECOMPILE_PREFIX_HEADER = YES;
				GCC_PREFIX_HEADER = "EZGrocs/EZGrocs-Prefix.pch";
				INFOPLIST_FILE = "EZGrocs/EZGrocs-Info.plist";
				PRODUCT_NAME = "$(TARGET_NAME)";
				TARGETED_DEVICE_FAMILY = 1;
				WRAPPER_EXTENSION = app;
			};
			name = Debug;
		};
		F01023B417C304450046087B /* Release */ = {
			isa = XCBuildConfiguration;
			buildSettings = {
				GCC_PRECOMPILE_PREFIX_HEADER = YES;
				GCC_PREFIX_HEADER = "EZGrocs/EZGrocs-Prefix.pch";
				INFOPLIST_FILE = "EZGrocs/EZGrocs-Info.plist";
				PRODUCT_NAME = "$(TARGET_NAME)";
				TARGETED_DEVICE_FAMILY = 1;
				WRAPPER_EXTENSION = app;
			};
			name = Release;
		};
		F01023B617C304450046087B /* Debug */ = {
			isa = XCBuildConfiguration;
			buildSettings = {
				BUNDLE_LOADER = "$(BUILT_PRODUCTS_DIR)/EZGrocs.app/EZGrocs";
				FRAMEWORK_SEARCH_PATHS = (
					"\"$(SDKROOT)/Developer/Library/Frameworks\"",
					"\"$(DEVELOPER_LIBRARY_DIR)/Frameworks\"",
				);
				GCC_PRECOMPILE_PREFIX_HEADER = YES;
				GCC_PREFIX_HEADER = "EZGrocs/EZGrocs-Prefix.pch";
				INFOPLIST_FILE = "EZGrocsTests/EZGrocsTests-Info.plist";
				PRODUCT_NAME = "$(TARGET_NAME)";
				TEST_HOST = "$(BUNDLE_LOADER)";
				WRAPPER_EXTENSION = octest;
			};
			name = Debug;
		};
		F01023B717C304450046087B /* Release */ = {
			isa = XCBuildConfiguration;
			buildSettings = {
				BUNDLE_LOADER = "$(BUILT_PRODUCTS_DIR)/EZGrocs.app/EZGrocs";
				FRAMEWORK_SEARCH_PATHS = (
					"\"$(SDKROOT)/Developer/Library/Frameworks\"",
					"\"$(DEVELOPER_LIBRARY_DIR)/Frameworks\"",
				);
				GCC_PRECOMPILE_PREFIX_HEADER = YES;
				GCC_PREFIX_HEADER = "EZGrocs/EZGrocs-Prefix.pch";
				INFOPLIST_FILE = "EZGrocsTests/EZGrocsTests-Info.plist";
				PRODUCT_NAME = "$(TARGET_NAME)";
				TEST_HOST = "$(BUNDLE_LOADER)";
				WRAPPER_EXTENSION = octest;
			};
			name = Release;
		};
/* End XCBuildConfiguration section */

/* Begin XCConfigurationList section */
		F010237517C304440046087B /* Build configuration list for PBXProject "EZGrocs" */ = {
			isa = XCConfigurationList;
			buildConfigurations = (
				F01023B017C304450046087B /* Debug */,
				F01023B117C304450046087B /* Release */,
			);
			defaultConfigurationIsVisible = 0;
			defaultConfigurationName = Release;
		};
		F01023B217C304450046087B /* Build configuration list for PBXNativeTarget "EZGrocs" */ = {
			isa = XCConfigurationList;
			buildConfigurations = (
				F01023B317C304450046087B /* Debug */,
				F01023B417C304450046087B /* Release */,
			);
			defaultConfigurationIsVisible = 0;
			defaultConfigurationName = Release;
		};
		F01023B517C304450046087B /* Build configuration list for PBXNativeTarget "EZGrocsTests" */ = {
			isa = XCConfigurationList;
			buildConfigurations = (
				F01023B617C304450046087B /* Debug */,
				F01023B717C304450046087B /* Release */,
			);
			defaultConfigurationIsVisible = 0;
			defaultConfigurationName = Release;
		};
/* End XCConfigurationList section */

/* Begin XCVersionGroup section */
		F0DABE531851807D0043F2FC /* ezgconverter.xcdatamodeld */ = {
			isa = XCVersionGroup;
			children = (
				F0DABE541851807D0043F2FC /* ezgconverter.xcdatamodel */,
			);
			currentVersion = F0DABE541851807D0043F2FC /* ezgconverter.xcdatamodel */;
			name = ezgconverter.xcdatamodeld;
			path = ../../ezgconverter/ezgconverter/ezgconverter.xcdatamodeld;
			sourceTree = "<group>";
			versionGroupType = wrapper.xcdatamodel;
		};
/* End XCVersionGroup section */
	};
	rootObject = F010237217C304440046087B /* Project object */;
}
